
Microsoft Visual Studio Solution File, Format Version 12.00
# Visual Studio Version 16
VisualStudioVersion = 16.0.31727.386
MinimumVisualStudioVersion = 10.0.40219.1
Project("{9A19103F-16F7-4668-BE54-9A1E7A4F7556}") = "Final_Project", "Final_Project\Final_Project.csproj", "{3CAAFFE4-B2EE-4C9D-B47A-83F1E08A692E}"
EndProject
Global
	GlobalSection(SolutionConfigurationPlatforms) = preSolution
		Debug|Any CPU = Debug|Any CPU
		Release|Any CPU = Release|Any CPU
	EndGlobalSection
	GlobalSection(ProjectConfigurationPlatforms) = postSolution
		{3CAAFFE4-B2EE-4C9D-B47A-83F1E08A692E}.Debug|Any CPU.ActiveCfg = Debug|Any CPU
		{3CAAFFE4-B2EE-4C9D-B47A-83F1E08A692E}.Debug|Any CPU.Build.0 = Debug|Any CPU
		{3CAAFFE4-B2EE-4C9D-B47A-83F1E08A692E}.Release|Any CPU.ActiveCfg = Release|Any CPU
		{3CAAFFE4-B2EE-4C9D-B47A-83F1E08A692E}.Release|Any CPU.Build.0 = Release|Any CPU
	EndGlobalSection
	GlobalSection(SolutionProperties) = preSolution
		HideSolutionNode = FALSE
	EndGlobalSection
	GlobalSection(ExtensibilityGlobals) = postSolution
		SolutionGuid = {9973D508-FEFA-4913-8830-67F5BAE63AD5}
	EndGlobalSection
EndGlobal
